github.com/RashRacess/Flight v0.3.5 h1:Vu6UpmLO7ZyOFAsZgr2/kEnx1bSpybo1aAbzb2UIHzc=
github.com/RashRacess/Flight v0.3.5/go.mod h1:E4YBZjxkqH5gbQADyZQ7A83fm8mQRDvq4cVfvPvD7mk=
github.com/RashRacess/Person v0.1.7 h1:2PtGOrZQaS0wf0lZr4Npq4JOrm7v309CFiz7TIIMR4A=
github.com/RashRacess/Person v0.1.7/go.mod h1:5XtXnxdf8YOhopCdaYIPoYDq6bJ2FW8ULWqY44pCuss=
