github.com/RashRacess/Flight v0.3.3 h1:E2Dnlm/zZ7eCuSOMwQXO63lYsx3BYOEYGj8zj1p4Elg=
github.com/RashRacess/Flight v0.3.3/go.mod h1:E4YBZjxkqH5gbQADyZQ7A83fm8mQRDvq4cVfvPvD7mk=
github.com/RashRacess/Person v0.1.1 h1:/YCosjSTNrGUXTcXQlq8KCv4d0reK2SRjFrDQzDDEz4=
github.com/RashRacess/Person v0.1.1/go.mod h1:5XtXnxdf8YOhopCdaYIPoYDq6bJ2FW8ULWqY44pCuss=
